// !$*UTF8*$!
{
	archiveVersion = 1;
	classes = {
	};
	objectVersion = 50;
	objects = {

/* Begin PBXBuildFile section */
		8348D5C9215AFBCC003430D8 /* AppDelegate.swift in Sources */ = {isa = PBXBuildFile; fileRef = 8348D5C8215AFBCC003430D8 /* AppDelegate.swift */; };
		8348D5CE215AFBCC003430D8 /* Main.storyboard in Resources */ = {isa = PBXBuildFile; fileRef = 8348D5CC215AFBCC003430D8 /* Main.storyboard */; };
		8348D5D1215AFBCC003430D8 /* WingIt.xcdatamodeld in Sources */ = {isa = PBXBuildFile; fileRef = 8348D5CF215AFBCC003430D8 /* WingIt.xcdatamodeld */; };
		8348D5D3215AFBCD003430D8 /* Assets.xcassets in Resources */ = {isa = PBXBuildFile; fileRef = 8348D5D2215AFBCD003430D8 /* Assets.xcassets */; };
		8348D5D6215AFBCD003430D8 /* LaunchScreen.storyboard in Resources */ = {isa = PBXBuildFile; fileRef = 8348D5D4215AFBCD003430D8 /* LaunchScreen.storyboard */; };
		8348D5DE215B04FB003430D8 /* WheelViewController.swift in Sources */ = {isa = PBXBuildFile; fileRef = 8348D5DD215B04FB003430D8 /* WheelViewController.swift */; };
/* End PBXBuildFile section */

/* Begin PBXFileReference section */
		8348D5C5215AFBCC003430D8 /* WingIt.app */ = {isa = PBXFileReference; explicitFileType = wrapper.application; includeInIndex = 0; path = WingIt.app; sourceTree = BUILT_PRODUCTS_DIR; };
		8348D5C8215AFBCC003430D8 /* AppDelegate.swift */ = {isa = PBXFileReference; lastKnownFileType = sourcecode.swift; path = AppDelegate.swift; sourceTree = "<group>"; };
		8348D5CD215AFBCC003430D8 /* Base */ = {isa = PBXFileReference; lastKnownFileType = file.storyboard; name = Base; path = Base.lproj/Main.storyboard; sourceTree = "<group>"; };
		8348D5D0215AFBCC003430D8 /* WingIt.xcdatamodel */ = {isa = PBXFileReference; lastKnownFileType = wrapper.xcdatamodel; path = WingIt.xcdatamodel; sourceTree = "<group>"; };
		8348D5D2215AFBCD003430D8 /* Assets.xcassets */ = {isa = PBXFileReference; lastKnownFileType = folder.assetcatalog; path = Assets.xcassets; sourceTree = "<group>"; };
		8348D5D5215AFBCD003430D8 /* Base */ = {isa = PBXFileReference; lastKnownFileType = file.storyboard; name = Base; path = Base.lproj/LaunchScreen.storyboard; sourceTree = "<group>"; };
		8348D5D7215AFBCD003430D8 /* Info.plist */ = {isa = PBXFileReference; lastKnownFileType = text.plist.xml; path = Info.plist; sourceTree = "<group>"; };
		8348D5DD215B04FB003430D8 /* WheelViewController.swift */ = {isa = PBXFileReference; lastKnownFileType = sourcecode.swift; path = WheelViewController.swift; sourceTree = "<group>"; };
/* End PBXFileReference section */

/* Begin PBXFrameworksBuildPhase section */
		8348D5C2215AFBCC003430D8 /* Frameworks */ = {
			isa = PBXFrameworksBuildPhase;
			buildActionMask = 2147483647;
			files = (
			);
			runOnlyForDeploymentPostprocessing = 0;
		};
/* End PBXFrameworksBuildPhase section */

/* Begin PBXGroup section */
		8348D5BC215AFBCB003430D8 = {
			isa = PBXGroup;
			children = (
				8348D5C7215AFBCC003430D8 /* WingIt */,
				8348D5C6215AFBCC003430D8 /* Products */,
			);
			sourceTree = "<group>";
		};
		8348D5C6215AFBCC003430D8 /* Products */ = {
			isa = PBXGroup;
			children = (
				8348D5C5215AFBCC003430D8 /* WingIt.app */,
			);
			name = Products;
			sourceTree = "<group>";
		};
		8348D5C7215AFBCC003430D8 /* WingIt */ = {
			isa = PBXGroup;
			children = (
				8348D5C8215AFBCC003430D8 /* AppDelegate.swift */,
				8348D5CC215AFBCC003430D8 /* Main.storyboard */,
				8348D5DD215B04FB003430D8 /* WheelViewController.swift */,
				8348D5D2215AFBCD003430D8 /* Assets.xcassets */,
				8348D5D4215AFBCD003430D8 /* LaunchScreen.storyboard */,
				8348D5D7215AFBCD003430D8 /* Info.plist */,
				8348D5CF215AFBCC003430D8 /* WingIt.xcdatamodeld */,
			);
			path = WingIt;
			sourceTree = "<group>";
		};
/* End PBXGroup section */

/* Begin PBXNativeTarget section */
		8348D5C4215AFBCC003430D8 /* WingIt */ = {
			isa = PBXNativeTarget;
			buildConfigurationList = 8348D5DA215AFBCD003430D8 /* Build configuration list for PBXNativeTarget "WingIt" */;
			buildPhases = (
				8348D5C1215AFBCC003430D8 /* Sources */,
				8348D5C2215AFBCC003430D8 /* Frameworks */,
				8348D5C3215AFBCC003430D8 /* Resources */,
			);
			buildRules = (
			);
			dependencies = (
			);
			name = WingIt;
			productName = WingIt;
			productReference = 8348D5C5215AFBCC003430D8 /* WingIt.app */;
			productType = "com.apple.product-type.application";
		};
/* End PBXNativeTarget section */

/* Begin PBXProject section */
		8348D5BD215AFBCB003430D8 /* Project object */ = {
			isa = PBXProject;
			attributes = {
				LastSwiftUpdateCheck = 1000;
				LastUpgradeCheck = 1000;
				ORGANIZATIONNAME = "Zukosky, Jonah";
				TargetAttributes = {
					8348D5C4215AFBCC003430D8 = {
						CreatedOnToolsVersion = 10.0;
					};
				};
			};
			buildConfigurationList = 8348D5C0215AFBCB003430D8 /* Build configuration list for PBXProject "WingIt" */;
			compatibilityVersion = "Xcode 9.3";
			developmentRegion = en;
			hasScannedForEncodings = 0;
			knownRegions = (
				en,
				Base,
			);
			mainGroup = 8348D5BC215AFBCB003430D8;
			productRefGroup = 8348D5C6215AFBCC003430D8 /* Products */;
			projectDirPath = "";
			projectRoot = "";
			targets = (
				8348D5C4215AFBCC003430D8 /* WingIt */,
			);
		};
/* End PBXProject section */

/* Begin PBXResourcesBuildPhase section */
		8348D5C3215AFBCC003430D8 /* Resources */ = {
			isa = PBXResourcesBuildPhase;
			buildActionMask = 2147483647;
			files = (
				8348D5D6215AFBCD003430D8 /* LaunchScreen.storyboard in Resources */,
				8348D5D3215AFBCD003430D8 /* Assets.xcassets in Resources */,
				8348D5CE215AFBCC003430D8 /* Main.storyboard in Resources */,
			);
			runOnlyForDeploymentPostprocessing = 0;
		};
/* End PBXResourcesBuildPhase section */

/* Begin PBXSourcesBuildPhase section */
		8348D5C1215AFBCC003430D8 /* Sources */ = {
			isa = PBXSourcesBuildPhase;
			buildActionMask = 2147483647;
			files = (
				8348D5C9215AFBCC003430D8 /* AppDelegate.swift in Sources */,
				8348D5D1215AFBCC003430D8 /* WingIt.xcdatamodeld in Sources */,
				8348D5DE215B04FB003430D8 /* WheelViewController.swift in Sources */,
			);
			runOnlyForDeploymentPostprocessing = 0;
		};
/* End PBXSourcesBuildPhase section */

/* Begin PBXVariantGroup section */
		8348D5CC215AFBCC003430D8 /* Main.storyboard */ = {
			isa = PBXVariantGroup;
			children = (
				8348D5CD215AFBCC003430D8 /* Base */,
			);
			name = Main.storyboard;
			sourceTree = "<group>";
		};
		8348D5D4215AFBCD003430D8 /* LaunchScreen.storyboard */ = {
			isa = PBXVariantGroup;
			children = (
				8348D5D5215AFBCD003430D8 /* Base */,
			);
			name = LaunchScreen.storyboard;
			sourceTree = "<group>";
		};
/* End PBXVariantGroup section */

/* Begin XCBuildConfiguration section */
		8348D5D8215AFBCD003430D8 /* Debug */ = {
			isa = XCBuildConfiguration;
			buildSettings = {
				ALWAYS_SEARCH_USER_PATHS = NO;
				CLANG_ANALYZER_NONNULL = YES;
				CLANG_ANALYZER_NUMBER_OBJECT_CONVERSION = YES_AGGRESSIVE;
				CLANG_CXX_LANGUAGE_STANDARD = "gnu++14";
				CLANG_CXX_LIBRARY = "libc++";
				CLANG_ENABLE_MODULES = YES;
				CLANG_ENABLE_OBJC_ARC = YES;
				CLANG_ENABLE_OBJC_WEAK = YES;
				CLANG_WARN_BLOCK_CAPTURE_AUTORELEASING = YES;
				CLANG_WARN_BOOL_CONVERSION = YES;
				CLANG_WARN_COMMA = YES;
				CLANG_WARN_CONSTANT_CONVERSION = YES;
				CLANG_WARN_DEPRECATED_OBJC_IMPLEMENTATIONS = YES;
				CLANG_WARN_DIRECT_OBJC_ISA_USAGE = YES_ERROR;
				CLANG_WARN_DOCUMENTATION_COMMENTS = YES;
				CLANG_WARN_EMPTY_BODY = YES;
				CLANG_WARN_ENUM_CONVERSION = YES;
				CLANG_WARN_INFINITE_RECURSION = YES;
				CLANG_WARN_INT_CONVERSION = YES;
				CLANG_WARN_NON_LITERAL_NULL_CONVERSION = YES;
				CLANG_WARN_OBJC_IMPLICIT_RETAIN_SELF = YES;
				CLANG_WARN_OBJC_LITERAL_CONVERSION = YES;
				CLANG_WARN_OBJC_ROOT_CLASS = YES_ERROR;
				CLANG_WARN_RANGE_LOOP_ANALYSIS = YES;
				CLANG_WARN_STRICT_PROTOTYPES = YES;
				CLANG_WARN_SUSPICIOUS_MOVE = YES;
				CLANG_WARN_UNGUARDED_AVAILABILITY = YES_AGGRESSIVE;
				CLANG_WARN_UNREACHABLE_CODE = YES;
				CLANG_WARN__DUPLICATE_METHOD_MATCH = YES;
				CODE_SIGN_IDENTITY = "iPhone Developer";
				COPY_PHASE_STRIP = NO;
				DEBUG_INFORMATION_FORMAT = dwarf;
				ENABLE_STRICT_OBJC_MSGSEND = YES;
				ENABLE_TESTABILITY = YES;
				GCC_C_LANGUAGE_STANDARD = gnu11;
				GCC_DYNAMIC_NO_PIC = NO;
				GCC_NO_COMMON_BLOCKS = YES;
				GCC_OPTIMIZATION_LEVEL = 0;
				GCC_PREPROCESSOR_DEFINITIONS = (
					"DEBUG=1",
					"$(inherited)",
				);
				GCC_WARN_64_TO_32_BIT_CONVERSION = YES;
				GCC_WARN_ABOUT_RETURN_TYPE = YES_ERROR;
				GCC_WARN_UNDECLARED_SELECTOR = YES;
				GCC_WARN_UNINITIALIZED_AUTOS = YES_AGGRESSIVE;
				GCC_WARN_UNUSED_FUNCTION = YES;
				GCC_WARN_UNUSED_VARIABLE = YES;
				IPHONEOS_DEPLOYMENT_TARGET = 12.0;
				MTL_ENABLE_DEBUG_INFO = INCLUDE_SOURCE;
				MTL_FAST_MATH = YES;
				ONLY_ACTIVE_ARCH = YES;
				SDKROOT = iphoneos;
				SWIFT_ACTIVE_COMPILATION_CONDITIONS = DEBUG;
				SWIFT_OPTIMIZATION_LEVEL = "-Onone";
			};
			name = Debug;
		};
		8348D5D9215AFBCD003430D8 /* Release */ = {
			isa = XCBuildConfiguration;
			buildSettings = {
				ALWAYS_SEARCH_USER_PATHS = NO;
				CLANG_ANALYZER_NONNULL = YES;
				CLANG_ANALYZER_NUMBER_OBJECT_CONVERSION = YES_AGGRESSIVE;
				CLANG_CXX_LANGUAGE_STANDARD = "gnu++14";
				CLANG_CXX_LIBRARY = "libc++";
				CLANG_ENABLE_MODULES = YES;
				CLANG_ENABLE_OBJC_ARC = YES;
				CLANG_ENABLE_OBJC_WEAK = YES;
				CLANG_WARN_BLOCK_CAPTURE_AUTORELEASING = YES;
				CLANG_WARN_BOOL_CONVERSION = YES;
				CLANG_WARN_COMMA = YES;
				CLANG_WARN_CONSTANT_CONVERSION = YES;
				CLANG_WARN_DEPRECATED_OBJC_IMPLEMENTATIONS = YES;
				CLANG_WARN_DIRECT_OBJC_ISA_USAGE = YES_ERROR;
				CLANG_WARN_DOCUMENTATION_COMMENTS = YES;
				CLANG_WARN_EMPTY_BODY = YES;
				CLANG_WARN_ENUM_CONVERSION = YES;
				CLANG_WARN_INFINITE_RECURSION = YES;
				CLANG_WARN_INT_CONVERSION = YES;
				CLANG_WARN_NON_LITERAL_NULL_CONVERSION = YES;
				CLANG_WARN_OBJC_IMPLICIT_RETAIN_SELF = YES;
				CLANG_WARN_OBJC_LITERAL_CONVERSION = YES;
				CLANG_WARN_OBJC_ROOT_CLASS = YES_ERROR;
				CLANG_WARN_RANGE_LOOP_ANALYSIS = YES;
				CLANG_WARN_STRICT_PROTOTYPES = YES;
				CLANG_WARN_SUSPICIOUS_MOVE = YES;
				CLANG_WARN_UNGUARDED_AVAILABILITY = YES_AGGRESSIVE;
				CLANG_WARN_UNREACHABLE_CODE = YES;
				CLANG_WARN__DUPLICATE_METHOD_MATCH = YES;
				CODE_SIGN_IDENTITY = "iPhone Developer";
				COPY_PHASE_STRIP = NO;
				DEBUG_INFORMATION_FORMAT = "dwarf-with-dsym";
				ENABLE_NS_ASSERTIONS = NO;
				ENABLE_STRICT_OBJC_MSGSEND = YES;
				GCC_C_LANGUAGE_STANDARD = gnu11;
				GCC_NO_COMMON_BLOCKS = YES;
				GCC_WARN_64_TO_32_BIT_CONVERSION = YES;
				GCC_WARN_ABOUT_RETURN_TYPE = YES_ERROR;
				GCC_WARN_UNDECLARED_SELECTOR = YES;
				GCC_WARN_UNINITIALIZED_AUTOS = YES_AGGRESSIVE;
				GCC_WARN_UNUSED_FUNCTION = YES;
				GCC_WARN_UNUSED_VARIABLE = YES;
				IPHONEOS_DEPLOYMENT_TARGET = 12.0;
				MTL_ENABLE_DEBUG_INFO = NO;
				MTL_FAST_MATH = YES;
				SDKROOT = iphoneos;
				SWIFT_COMPILATION_MODE = wholemodule;
				SWIFT_OPTIMIZATION_LEVEL = "-O";
				VALIDATE_PRODUCT = YES;
			};
			name = Release;
		};
		8348D5DB215AFBCD003430D8 /* Debug */ = {
			isa = XCBuildConfiguration;
			buildSettings = {
				ASSETCATALOG_COMPILER_APPICON_NAME = AppIcon;
				CODE_SIGN_STYLE = Automatic;
				DEVELOPMENT_TEAM = 89YGS6UCLW;
				INFOPLIST_FILE = WingIt/Info.plist;
				LD_RUNPATH_SEARCH_PATHS = (
					"$(inherited)",
					"@executable_path/Frameworks",
				);
				PRODUCT_BUNDLE_IDENTIFIER = edu.missouri.WingIt;
				PRODUCT_NAME = "$(TARGET_NAME)";
				SWIFT_VERSION = 4.2;
				TARGETED_DEVICE_FAMILY = "1,2";
			};
			name = Debug;
		};
		8348D5DC215AFBCD003430D8 /* Release */ = {
			isa = XCBuildConfiguration;
			buildSettings = {
				ASSETCATALOG_COMPILER_APPICON_NAME = AppIcon;
				CODE_SIGN_STYLE = Automatic;
				DEVELOPMENT_TEAM = 89YGS6UCLW;
				INFOPLIST_FILE = WingIt/Info.plist;
				LD_RUNPATH_SEARCH_PATHS = (
					"$(inherited)",
					"@executable_path/Frameworks",
				);
				PRODUCT_BUNDLE_IDENTIFIER = edu.missouri.WingIt;
				PRODUCT_NAME = "$(TARGET_NAME)";
				SWIFT_VERSION = 4.2;
				TARGETED_DEVICE_FAMILY = "1,2";
			};
			name = Release;
		};
/* End XCBuildConfiguration section */

/* Begin XCConfigurationList section */
		8348D5C0215AFBCB003430D8 /* Build configuration list for PBXProject "WingIt" */ = {
			isa = XCConfigurationList;
			buildConfigurations = (
				8348D5D8215AFBCD003430D8 /* Debug */,
				8348D5D9215AFBCD003430D8 /* Release */,
			);
			defaultConfigurationIsVisible = 0;
			defaultConfigurationName = Release;
		};
		8348D5DA215AFBCD003430D8 /* Build configuration list for PBXNativeTarget "WingIt" */ = {
			isa = XCConfigurationList;
			buildConfigurations = (
				8348D5DB215AFBCD003430D8 /* Debug */,
				8348D5DC215AFBCD003430D8 /* Release */,
			);
			defaultConfigurationIsVisible = 0;
			defaultConfigurationName = Release;
		};
/* End XCConfigurationList section */

/* Begin XCVersionGroup section */
		8348D5CF215AFBCC003430D8 /* WingIt.xcdatamodeld */ = {
			isa = XCVersionGroup;
			children = (
				8348D5D0215AFBCC003430D8 /* WingIt.xcdatamodel */,
			);
			currentVersion = 8348D5D0215AFBCC003430D8 /* WingIt.xcdatamodel */;
			path = WingIt.xcdatamodeld;
			sourceTree = "<group>";
			versionGroupType = wrapper.xcdatamodel;
		};
/* End XCVersionGroup section */
	};
	rootObject = 8348D5BD215AFBCB003430D8 /* Project object */;
}
